
Microsoft Visual Studio Solution File, Format Version 12.00
# Visual Studio Version 17
VisualStudioVersion = 17.4.33403.182
MinimumVisualStudioVersion = 10.0.40219.1
Project("{9A19103F-16F7-4668-BE54-9A1E7A4F7556}") = "SamplePlugin", "SamplePlugin\SamplePlugin.csproj", "{4E1973BA-8A02-4A01-8E21-1C6275D27293}"
EndProject
Project("{9A19103F-16F7-4668-BE54-9A1E7A4F7556}") = "_build", "build\_build.csproj", "{00C910DD-B120-4750-BE63-8B60FDAC11DD}"
EndProject
Global
	GlobalSection(SolutionConfigurationPlatforms) = preSolution
		D2016|x64 = D2016|x64
		D2017|x64 = D2017|x64
		D2018|x64 = D2018|x64
		D2019|x64 = D2019|x64
		D2020|x64 = D2020|x64
		D2021|x64 = D2021|x64
		D2022|x64 = D2022|x64
		D2023|x64 = D2023|x64
		D2024|x64 = D2024|x64
		D2025|x64 = D2025|x64
		Debug|x64 = Debug|x64
		Release|x64 = Release|x64
	EndGlobalSection
	GlobalSection(ProjectConfigurationPlatforms) = postSolution
		{4E1973BA-8A02-4A01-8E21-1C6275D27293}.D2016|x64.ActiveCfg = D2016|x64
		{4E1973BA-8A02-4A01-8E21-1C6275D27293}.D2016|x64.Build.0 = D2016|x64
		{4E1973BA-8A02-4A01-8E21-1C6275D27293}.D2017|x64.ActiveCfg = D2017|x64
		{4E1973BA-8A02-4A01-8E21-1C6275D27293}.D2017|x64.Build.0 = D2017|x64
		{4E1973BA-8A02-4A01-8E21-1C6275D27293}.D2018|x64.ActiveCfg = D2018|x64
		{4E1973BA-8A02-4A01-8E21-1C6275D27293}.D2018|x64.Build.0 = D2018|x64
		{4E1973BA-8A02-4A01-8E21-1C6275D27293}.D2019|x64.ActiveCfg = D2019|x64
		{4E1973BA-8A02-4A01-8E21-1C6275D27293}.D2019|x64.Build.0 = D2019|x64
		{4E1973BA-8A02-4A01-8E21-1C6275D27293}.D2020|x64.ActiveCfg = D2020|x64
		{4E1973BA-8A02-4A01-8E21-1C6275D27293}.D2020|x64.Build.0 = D2020|x64
		{4E1973BA-8A02-4A01-8E21-1C6275D27293}.D2021|x64.ActiveCfg = D2021|x64
		{4E1973BA-8A02-4A01-8E21-1C6275D27293}.D2021|x64.Build.0 = D2021|x64
		{4E1973BA-8A02-4A01-8E21-1C6275D27293}.D2022|x64.ActiveCfg = D2022|x64
		{4E1973BA-8A02-4A01-8E21-1C6275D27293}.D2022|x64.Build.0 = D2022|x64
		{4E1973BA-8A02-4A01-8E21-1C6275D27293}.D2023|x64.ActiveCfg = D2023|x64
		{4E1973BA-8A02-4A01-8E21-1C6275D27293}.D2023|x64.Build.0 = D2023|x64
		{4E1973BA-8A02-4A01-8E21-1C6275D27293}.D2024|x64.ActiveCfg = D2024|x64
		{4E1973BA-8A02-4A01-8E21-1C6275D27293}.D2024|x64.Build.0 = D2024|x64
		{4E1973BA-8A02-4A01-8E21-1C6275D27293}.D2025|x64.ActiveCfg = D2025|x64
		{4E1973BA-8A02-4A01-8E21-1C6275D27293}.D2025|x64.Build.0 = D2025|x64
		{4E1973BA-8A02-4A01-8E21-1C6275D27293}.Debug|x64.ActiveCfg = Debug|x64
		{4E1973BA-8A02-4A01-8E21-1C6275D27293}.Debug|x64.Build.0 = Debug|x64
		{4E1973BA-8A02-4A01-8E21-1C6275D27293}.Release|x64.ActiveCfg = Release|x64
		{4E1973BA-8A02-4A01-8E21-1C6275D27293}.Release|x64.Build.0 = Release|x64
	EndGlobalSection
	GlobalSection(SolutionProperties) = preSolution
		HideSolutionNode = FALSE
	EndGlobalSection
	GlobalSection(ExtensibilityGlobals) = postSolution
		SolutionGuid = {29A3E8DA-0494-49D4-94ED-5944E7EEFC4F}
	EndGlobalSection
EndGlobal
